
Microsoft Visual Studio Solution File, Format Version 12.00
# Visual Studio Version 17
VisualStudioVersion = 17.9.34607.119
MinimumVisualStudioVersion = 10.0.40219.1
Project("{FAE04EC0-301F-11D3-BF4B-00C04F79EFBC}") = "EarthBlog.Web", "EarthBlog.Web\EarthBlog.Web.csproj", "{23330A90-0CB9-4956-B6C5-3788A7A1CC70}"
EndProject
Project("{FAE04EC0-301F-11D3-BF4B-00C04F79EFBC}") = "EarthBlog.Entity", "EarthBlog.Entity\EarthBlog.Entity.csproj", "{CCAB3374-34CD-4F7D-AD4B-5924BBC952E6}"
EndProject
Project("{FAE04EC0-301F-11D3-BF4B-00C04F79EFBC}") = "EarthBlog.Data", "EarthBlog.Data\EarthBlog.Data.csproj", "{84A49953-A335-4060-A118-E94BF5E78F06}"
EndProject
Project("{FAE04EC0-301F-11D3-BF4B-00C04F79EFBC}") = "EarthBlog.Service", "EarthBlog.Service\EarthBlog.Service.csproj", "{A4BEC16B-5EF4-4CDA-863F-A912AC5797A8}"
EndProject
Project("{FAE04EC0-301F-11D3-BF4B-00C04F79EFBC}") = "EarthBlog.Core", "EarthBlog.Core\EarthBlog.Core.csproj", "{8140528A-3E9C-49F4-97CF-5C196EDD26DD}"
EndProject
Global
	GlobalSection(SolutionConfigurationPlatforms) = preSolution
		Debug|Any CPU = Debug|Any CPU
		Release|Any CPU = Release|Any CPU
	EndGlobalSection
	GlobalSection(ProjectConfigurationPlatforms) = postSolution
		{23330A90-0CB9-4956-B6C5-3788A7A1CC70}.Debug|Any CPU.ActiveCfg = Debug|Any CPU
		{23330A90-0CB9-4956-B6C5-3788A7A1CC70}.Debug|Any CPU.Build.0 = Debug|Any CPU
		{23330A90-0CB9-4956-B6C5-3788A7A1CC70}.Release|Any CPU.ActiveCfg = Release|Any CPU
		{23330A90-0CB9-4956-B6C5-3788A7A1CC70}.Release|Any CPU.Build.0 = Release|Any CPU
		{CCAB3374-34CD-4F7D-AD4B-5924BBC952E6}.Debug|Any CPU.ActiveCfg = Debug|Any CPU
		{CCAB3374-34CD-4F7D-AD4B-5924BBC952E6}.Debug|Any CPU.Build.0 = Debug|Any CPU
		{CCAB3374-34CD-4F7D-AD4B-5924BBC952E6}.Release|Any CPU.ActiveCfg = Release|Any CPU
		{CCAB3374-34CD-4F7D-AD4B-5924BBC952E6}.Release|Any CPU.Build.0 = Release|Any CPU
		{84A49953-A335-4060-A118-E94BF5E78F06}.Debug|Any CPU.ActiveCfg = Debug|Any CPU
		{84A49953-A335-4060-A118-E94BF5E78F06}.Debug|Any CPU.Build.0 = Debug|Any CPU
		{84A49953-A335-4060-A118-E94BF5E78F06}.Release|Any CPU.ActiveCfg = Release|Any CPU
		{84A49953-A335-4060-A118-E94BF5E78F06}.Release|Any CPU.Build.0 = Release|Any CPU
		{A4BEC16B-5EF4-4CDA-863F-A912AC5797A8}.Debug|Any CPU.ActiveCfg = Debug|Any CPU
		{A4BEC16B-5EF4-4CDA-863F-A912AC5797A8}.Debug|Any CPU.Build.0 = Debug|Any CPU
		{A4BEC16B-5EF4-4CDA-863F-A912AC5797A8}.Release|Any CPU.ActiveCfg = Release|Any CPU
		{A4BEC16B-5EF4-4CDA-863F-A912AC5797A8}.Release|Any CPU.Build.0 = Release|Any CPU
		{8140528A-3E9C-49F4-97CF-5C196EDD26DD}.Debug|Any CPU.ActiveCfg = Debug|Any CPU
		{8140528A-3E9C-49F4-97CF-5C196EDD26DD}.Debug|Any CPU.Build.0 = Debug|Any CPU
		{8140528A-3E9C-49F4-97CF-5C196EDD26DD}.Release|Any CPU.ActiveCfg = Release|Any CPU
		{8140528A-3E9C-49F4-97CF-5C196EDD26DD}.Release|Any CPU.Build.0 = Release|Any CPU
	EndGlobalSection
	GlobalSection(SolutionProperties) = preSolution
		HideSolutionNode = FALSE
	EndGlobalSection
	GlobalSection(ExtensibilityGlobals) = postSolution
		SolutionGuid = {EA84B7BE-28D5-4E9A-8C25-87C6D4AA4DEE}
	EndGlobalSection
EndGlobal
